
Microsoft Visual Studio Solution File, Format Version 12.00
# Visual Studio Version 17
VisualStudioVersion = 17.0.31903.59
MinimumVisualStudioVersion = 10.0.40219.1
Project("{2150E333-8FDC-42A3-9474-1A3956D46DE8}") = "Api", "Api", "{D82C56D6-B2CD-F611-9E31-04638F7EC30E}"
EndProject
Project("{FAE04EC0-301F-11D3-BF4B-00C04F79EFBC}") = "Pim.Api", "Api\Pim.Api.csproj", "{E23865F8-38EC-4890-A60E-47469B28A380}"
EndProject
Project("{2150E333-8FDC-42A3-9474-1A3956D46DE8}") = "Api.UnitTests", "Api.UnitTests", "{4FA4CDB0-62B4-A759-900D-19233A9ED27E}"
EndProject
Project("{FAE04EC0-301F-11D3-BF4B-00C04F79EFBC}") = "Pim.Api.UnitTests", "Api.UnitTests\Pim.Api.UnitTests.csproj", "{2B1FFB98-D69C-4B0D-A199-84BB6DB93365}"
EndProject
Project("{2150E333-8FDC-42A3-9474-1A3956D46DE8}") = "Api.IntegrationTests", "Api.IntegrationTests", "{F8A364FD-0FB3-015B-D616-918B619698AA}"
EndProject
Project("{FAE04EC0-301F-11D3-BF4B-00C04F79EFBC}") = "Pim.Api.IntegrationTests", "Api.IntegrationTests\Pim.Api.IntegrationTests.csproj", "{A423B899-4DD8-45D2-BA94-A256591F0C6F}"
EndProject
Global
	GlobalSection(SolutionConfigurationPlatforms) = preSolution
		Debug|Any CPU = Debug|Any CPU
		Debug|x64 = Debug|x64
		Debug|x86 = Debug|x86
		Release|Any CPU = Release|Any CPU
		Release|x64 = Release|x64
		Release|x86 = Release|x86
	EndGlobalSection
	GlobalSection(ProjectConfigurationPlatforms) = postSolution
		{E23865F8-38EC-4890-A60E-47469B28A380}.Debug|Any CPU.ActiveCfg = Debug|Any CPU
		{E23865F8-38EC-4890-A60E-47469B28A380}.Debug|Any CPU.Build.0 = Debug|Any CPU
		{E23865F8-38EC-4890-A60E-47469B28A380}.Debug|x64.ActiveCfg = Debug|Any CPU
		{E23865F8-38EC-4890-A60E-47469B28A380}.Debug|x64.Build.0 = Debug|Any CPU
		{E23865F8-38EC-4890-A60E-47469B28A380}.Debug|x86.ActiveCfg = Debug|Any CPU
		{E23865F8-38EC-4890-A60E-47469B28A380}.Debug|x86.Build.0 = Debug|Any CPU
		{E23865F8-38EC-4890-A60E-47469B28A380}.Release|Any CPU.ActiveCfg = Release|Any CPU
		{E23865F8-38EC-4890-A60E-47469B28A380}.Release|Any CPU.Build.0 = Release|Any CPU
		{E23865F8-38EC-4890-A60E-47469B28A380}.Release|x64.ActiveCfg = Release|Any CPU
		{E23865F8-38EC-4890-A60E-47469B28A380}.Release|x64.Build.0 = Release|Any CPU
		{E23865F8-38EC-4890-A60E-47469B28A380}.Release|x86.ActiveCfg = Release|Any CPU
		{E23865F8-38EC-4890-A60E-47469B28A380}.Release|x86.Build.0 = Release|Any CPU
		{2B1FFB98-D69C-4B0D-A199-84BB6DB93365}.Debug|Any CPU.ActiveCfg = Debug|Any CPU
		{2B1FFB98-D69C-4B0D-A199-84BB6DB93365}.Debug|Any CPU.Build.0 = Debug|Any CPU
		{2B1FFB98-D69C-4B0D-A199-84BB6DB93365}.Debug|x64.ActiveCfg = Debug|Any CPU
		{2B1FFB98-D69C-4B0D-A199-84BB6DB93365}.Debug|x64.Build.0 = Debug|Any CPU
		{2B1FFB98-D69C-4B0D-A199-84BB6DB93365}.Debug|x86.ActiveCfg = Debug|Any CPU
		{2B1FFB98-D69C-4B0D-A199-84BB6DB93365}.Debug|x86.Build.0 = Debug|Any CPU
		{2B1FFB98-D69C-4B0D-A199-84BB6DB93365}.Release|Any CPU.ActiveCfg = Release|Any CPU
		{2B1FFB98-D69C-4B0D-A199-84BB6DB93365}.Release|Any CPU.Build.0 = Release|Any CPU
		{2B1FFB98-D69C-4B0D-A199-84BB6DB93365}.Release|x64.ActiveCfg = Release|Any CPU
		{2B1FFB98-D69C-4B0D-A199-84BB6DB93365}.Release|x64.Build.0 = Release|Any CPU
		{2B1FFB98-D69C-4B0D-A199-84BB6DB93365}.Release|x86.ActiveCfg = Release|Any CPU
		{2B1FFB98-D69C-4B0D-A199-84BB6DB93365}.Release|x86.Build.0 = Release|Any CPU
		{A423B899-4DD8-45D2-BA94-A256591F0C6F}.Debug|Any CPU.ActiveCfg = Debug|Any CPU
		{A423B899-4DD8-45D2-BA94-A256591F0C6F}.Debug|Any CPU.Build.0 = Debug|Any CPU
		{A423B899-4DD8-45D2-BA94-A256591F0C6F}.Debug|x64.ActiveCfg = Debug|Any CPU
		{A423B899-4DD8-45D2-BA94-A256591F0C6F}.Debug|x64.Build.0 = Debug|Any CPU
		{A423B899-4DD8-45D2-BA94-A256591F0C6F}.Debug|x86.ActiveCfg = Debug|Any CPU
		{A423B899-4DD8-45D2-BA94-A256591F0C6F}.Debug|x86.Build.0 = Debug|Any CPU
		{A423B899-4DD8-45D2-BA94-A256591F0C6F}.Release|Any CPU.ActiveCfg = Release|Any CPU
		{A423B899-4DD8-45D2-BA94-A256591F0C6F}.Release|Any CPU.Build.0 = Release|Any CPU
		{A423B899-4DD8-45D2-BA94-A256591F0C6F}.Release|x64.ActiveCfg = Release|Any CPU
		{A423B899-4DD8-45D2-BA94-A256591F0C6F}.Release|x64.Build.0 = Release|Any CPU
		{A423B899-4DD8-45D2-BA94-A256591F0C6F}.Release|x86.ActiveCfg = Release|Any CPU
		{A423B899-4DD8-45D2-BA94-A256591F0C6F}.Release|x86.Build.0 = Release|Any CPU
	EndGlobalSection
	GlobalSection(SolutionProperties) = preSolution
		HideSolutionNode = FALSE
	EndGlobalSection
	GlobalSection(NestedProjects) = preSolution
		{E23865F8-38EC-4890-A60E-47469B28A380} = {D82C56D6-B2CD-F611-9E31-04638F7EC30E}
		{2B1FFB98-D69C-4B0D-A199-84BB6DB93365} = {4FA4CDB0-62B4-A759-900D-19233A9ED27E}
		{A423B899-4DD8-45D2-BA94-A256591F0C6F} = {F8A364FD-0FB3-015B-D616-918B619698AA}
	EndGlobalSection
EndGlobal
